
Microsoft Visual Studio Solution File, Format Version 12.00
# Visual Studio Version 16
VisualStudioVersion = 16.0.29403.142
MinimumVisualStudioVersion = 10.0.40219.1
Project("{9A19103F-16F7-4668-BE54-9A1E7A4F7556}") = "FrameTimerX", "FrameTimerX\FrameTimerX.csproj", "{0AF86AFB-135F-4155-B012-FE6CDBB88947}"
EndProject
Project("{FAE04EC0-301F-11D3-BF4B-00C04F79EFBC}") = "AppFrameTimerTester.UWP", "AppFrameTimerTester\AppFrameTimerTester.UWP\AppFrameTimerTester.UWP.csproj", "{0A7FBD1C-87AA-4C3B-A92D-E5A456092E6D}"
EndProject
Project("{FAE04EC0-301F-11D3-BF4B-00C04F79EFBC}") = "AppFrameTimerTester.Android", "AppFrameTimerTester\AppFrameTimerTester.Android\AppFrameTimerTester.Android.csproj", "{15F3483A-7124-475B-BED6-43DD1539B74E}"
EndProject
Project("{FAE04EC0-301F-11D3-BF4B-00C04F79EFBC}") = "AppFrameTimerTester.iOS", "AppFrameTimerTester\AppFrameTimerTester.iOS\AppFrameTimerTester.iOS.csproj", "{A8B9C8B1-8899-464B-805C-34E524F0EFE9}"
EndProject
Project("{FAE04EC0-301F-11D3-BF4B-00C04F79EFBC}") = "AppFrameTimerTester", "AppFrameTimerTester\AppFrameTimerTester\AppFrameTimerTester.csproj", "{509D0E8A-4571-4712-8A70-AD78DC8DF1E4}"
EndProject
Global
	GlobalSection(SolutionConfigurationPlatforms) = preSolution
		Debug|Any CPU = Debug|Any CPU
		Debug|ARM = Debug|ARM
		Debug|iPhone = Debug|iPhone
		Debug|iPhoneSimulator = Debug|iPhoneSimulator
		Debug|x64 = Debug|x64
		Debug|x86 = Debug|x86
		Release|Any CPU = Release|Any CPU
		Release|ARM = Release|ARM
		Release|iPhone = Release|iPhone
		Release|iPhoneSimulator = Release|iPhoneSimulator
		Release|x64 = Release|x64
		Release|x86 = Release|x86
	EndGlobalSection
	GlobalSection(ProjectConfigurationPlatforms) = postSolution
		{0AF86AFB-135F-4155-B012-FE6CDBB88947}.Debug|Any CPU.ActiveCfg = Debug|Any CPU
		{0AF86AFB-135F-4155-B012-FE6CDBB88947}.Debug|Any CPU.Build.0 = Debug|Any CPU
		{0AF86AFB-135F-4155-B012-FE6CDBB88947}.Debug|ARM.ActiveCfg = Debug|Any CPU
		{0AF86AFB-135F-4155-B012-FE6CDBB88947}.Debug|ARM.Build.0 = Debug|Any CPU
		{0AF86AFB-135F-4155-B012-FE6CDBB88947}.Debug|iPhone.ActiveCfg = Debug|Any CPU
		{0AF86AFB-135F-4155-B012-FE6CDBB88947}.Debug|iPhone.Build.0 = Debug|Any CPU
		{0AF86AFB-135F-4155-B012-FE6CDBB88947}.Debug|iPhoneSimulator.ActiveCfg = Debug|Any CPU
		{0AF86AFB-135F-4155-B012-FE6CDBB88947}.Debug|iPhoneSimulator.Build.0 = Debug|Any CPU
		{0AF86AFB-135F-4155-B012-FE6CDBB88947}.Debug|x64.ActiveCfg = Debug|Any CPU
		{0AF86AFB-135F-4155-B012-FE6CDBB88947}.Debug|x64.Build.0 = Debug|Any CPU
		{0AF86AFB-135F-4155-B012-FE6CDBB88947}.Debug|x86.ActiveCfg = Debug|Any CPU
		{0AF86AFB-135F-4155-B012-FE6CDBB88947}.Debug|x86.Build.0 = Debug|Any CPU
		{0AF86AFB-135F-4155-B012-FE6CDBB88947}.Release|Any CPU.ActiveCfg = Release|Any CPU
		{0AF86AFB-135F-4155-B012-FE6CDBB88947}.Release|Any CPU.Build.0 = Release|Any CPU
		{0AF86AFB-135F-4155-B012-FE6CDBB88947}.Release|ARM.ActiveCfg = Release|Any CPU
		{0AF86AFB-135F-4155-B012-FE6CDBB88947}.Release|ARM.Build.0 = Release|Any CPU
		{0AF86AFB-135F-4155-B012-FE6CDBB88947}.Release|iPhone.ActiveCfg = Release|Any CPU
		{0AF86AFB-135F-4155-B012-FE6CDBB88947}.Release|iPhone.Build.0 = Release|Any CPU
		{0AF86AFB-135F-4155-B012-FE6CDBB88947}.Release|iPhoneSimulator.ActiveCfg = Release|Any CPU
		{0AF86AFB-135F-4155-B012-FE6CDBB88947}.Release|iPhoneSimulator.Build.0 = Release|Any CPU
		{0AF86AFB-135F-4155-B012-FE6CDBB88947}.Release|x64.ActiveCfg = Release|Any CPU
		{0AF86AFB-135F-4155-B012-FE6CDBB88947}.Release|x64.Build.0 = Release|Any CPU
		{0AF86AFB-135F-4155-B012-FE6CDBB88947}.Release|x86.ActiveCfg = Release|Any CPU
		{0AF86AFB-135F-4155-B012-FE6CDBB88947}.Release|x86.Build.0 = Release|Any CPU
		{0A7FBD1C-87AA-4C3B-A92D-E5A456092E6D}.Debug|Any CPU.ActiveCfg = Debug|x86
		{0A7FBD1C-87AA-4C3B-A92D-E5A456092E6D}.Debug|ARM.ActiveCfg = Debug|ARM
		{0A7FBD1C-87AA-4C3B-A92D-E5A456092E6D}.Debug|ARM.Build.0 = Debug|ARM
		{0A7FBD1C-87AA-4C3B-A92D-E5A456092E6D}.Debug|ARM.Deploy.0 = Debug|ARM
		{0A7FBD1C-87AA-4C3B-A92D-E5A456092E6D}.Debug|iPhone.ActiveCfg = Debug|x86
		{0A7FBD1C-87AA-4C3B-A92D-E5A456092E6D}.Debug|iPhoneSimulator.ActiveCfg = Debug|x86
		{0A7FBD1C-87AA-4C3B-A92D-E5A456092E6D}.Debug|x64.ActiveCfg = Debug|x64
		{0A7FBD1C-87AA-4C3B-A92D-E5A456092E6D}.Debug|x64.Build.0 = Debug|x64
		{0A7FBD1C-87AA-4C3B-A92D-E5A456092E6D}.Debug|x64.Deploy.0 = Debug|x64
		{0A7FBD1C-87AA-4C3B-A92D-E5A456092E6D}.Debug|x86.ActiveCfg = Debug|x86
		{0A7FBD1C-87AA-4C3B-A92D-E5A456092E6D}.Debug|x86.Build.0 = Debug|x86
		{0A7FBD1C-87AA-4C3B-A92D-E5A456092E6D}.Debug|x86.Deploy.0 = Debug|x86
		{0A7FBD1C-87AA-4C3B-A92D-E5A456092E6D}.Release|Any CPU.ActiveCfg = Release|x86
		{0A7FBD1C-87AA-4C3B-A92D-E5A456092E6D}.Release|ARM.ActiveCfg = Release|ARM
		{0A7FBD1C-87AA-4C3B-A92D-E5A456092E6D}.Release|ARM.Build.0 = Release|ARM
		{0A7FBD1C-87AA-4C3B-A92D-E5A456092E6D}.Release|ARM.Deploy.0 = Release|ARM
		{0A7FBD1C-87AA-4C3B-A92D-E5A456092E6D}.Release|iPhone.ActiveCfg = Release|x86
		{0A7FBD1C-87AA-4C3B-A92D-E5A456092E6D}.Release|iPhoneSimulator.ActiveCfg = Release|x86
		{0A7FBD1C-87AA-4C3B-A92D-E5A456092E6D}.Release|x64.ActiveCfg = Release|x64
		{0A7FBD1C-87AA-4C3B-A92D-E5A456092E6D}.Release|x64.Build.0 = Release|x64
		{0A7FBD1C-87AA-4C3B-A92D-E5A456092E6D}.Release|x64.Deploy.0 = Release|x64
		{0A7FBD1C-87AA-4C3B-A92D-E5A456092E6D}.Release|x86.ActiveCfg = Release|x86
		{0A7FBD1C-87AA-4C3B-A92D-E5A456092E6D}.Release|x86.Build.0 = Release|x86
		{0A7FBD1C-87AA-4C3B-A92D-E5A456092E6D}.Release|x86.Deploy.0 = Release|x86
		{15F3483A-7124-475B-BED6-43DD1539B74E}.Debug|Any CPU.ActiveCfg = Debug|Any CPU
		{15F3483A-7124-475B-BED6-43DD1539B74E}.Debug|Any CPU.Build.0 = Debug|Any CPU
		{15F3483A-7124-475B-BED6-43DD1539B74E}.Debug|Any CPU.Deploy.0 = Debug|Any CPU
		{15F3483A-7124-475B-BED6-43DD1539B74E}.Debug|ARM.ActiveCfg = Debug|Any CPU
		{15F3483A-7124-475B-BED6-43DD1539B74E}.Debug|ARM.Build.0 = Debug|Any CPU
		{15F3483A-7124-475B-BED6-43DD1539B74E}.Debug|ARM.Deploy.0 = Debug|Any CPU
		{15F3483A-7124-475B-BED6-43DD1539B74E}.Debug|iPhone.ActiveCfg = Debug|Any CPU
		{15F3483A-7124-475B-BED6-43DD1539B74E}.Debug|iPhone.Build.0 = Debug|Any CPU
		{15F3483A-7124-475B-BED6-43DD1539B74E}.Debug|iPhone.Deploy.0 = Debug|Any CPU
		{15F3483A-7124-475B-BED6-43DD1539B74E}.Debug|iPhoneSimulator.ActiveCfg = Debug|Any CPU
		{15F3483A-7124-475B-BED6-43DD1539B74E}.Debug|iPhoneSimulator.Build.0 = Debug|Any CPU
		{15F3483A-7124-475B-BED6-43DD1539B74E}.Debug|iPhoneSimulator.Deploy.0 = Debug|Any CPU
		{15F3483A-7124-475B-BED6-43DD1539B74E}.Debug|x64.ActiveCfg = Debug|Any CPU
		{15F3483A-7124-475B-BED6-43DD1539B74E}.Debug|x64.Build.0 = Debug|Any CPU
		{15F3483A-7124-475B-BED6-43DD1539B74E}.Debug|x64.Deploy.0 = Debug|Any CPU
		{15F3483A-7124-475B-BED6-43DD1539B74E}.Debug|x86.ActiveCfg = Debug|Any CPU
		{15F3483A-7124-475B-BED6-43DD1539B74E}.Debug|x86.Build.0 = Debug|Any CPU
		{15F3483A-7124-475B-BED6-43DD1539B74E}.Debug|x86.Deploy.0 = Debug|Any CPU
		{15F3483A-7124-475B-BED6-43DD1539B74E}.Release|Any CPU.ActiveCfg = Release|Any CPU
		{15F3483A-7124-475B-BED6-43DD1539B74E}.Release|Any CPU.Build.0 = Release|Any CPU
		{15F3483A-7124-475B-BED6-43DD1539B74E}.Release|Any CPU.Deploy.0 = Release|Any CPU
		{15F3483A-7124-475B-BED6-43DD1539B74E}.Release|ARM.ActiveCfg = Release|Any CPU
		{15F3483A-7124-475B-BED6-43DD1539B74E}.Release|ARM.Build.0 = Release|Any CPU
		{15F3483A-7124-475B-BED6-43DD1539B74E}.Release|ARM.Deploy.0 = Release|Any CPU
		{15F3483A-7124-475B-BED6-43DD1539B74E}.Release|iPhone.ActiveCfg = Release|Any CPU
		{15F3483A-7124-475B-BED6-43DD1539B74E}.Release|iPhone.Build.0 = Release|Any CPU
		{15F3483A-7124-475B-BED6-43DD1539B74E}.Release|iPhone.Deploy.0 = Release|Any CPU
		{15F3483A-7124-475B-BED6-43DD1539B74E}.Release|iPhoneSimulator.ActiveCfg = Release|Any CPU
		{15F3483A-7124-475B-BED6-43DD1539B74E}.Release|iPhoneSimulator.Build.0 = Release|Any CPU
		{15F3483A-7124-475B-BED6-43DD1539B74E}.Release|iPhoneSimulator.Deploy.0 = Release|Any CPU
		{15F3483A-7124-475B-BED6-43DD1539B74E}.Release|x64.ActiveCfg = Release|Any CPU
		{15F3483A-7124-475B-BED6-43DD1539B74E}.Release|x64.Build.0 = Release|Any CPU
		{15F3483A-7124-475B-BED6-43DD1539B74E}.Release|x64.Deploy.0 = Release|Any CPU
		{15F3483A-7124-475B-BED6-43DD1539B74E}.Release|x86.ActiveCfg = Release|Any CPU
		{15F3483A-7124-475B-BED6-43DD1539B74E}.Release|x86.Build.0 = Release|Any CPU
		{15F3483A-7124-475B-BED6-43DD1539B74E}.Release|x86.Deploy.0 = Release|Any CPU
		{A8B9C8B1-8899-464B-805C-34E524F0EFE9}.Debug|Any CPU.ActiveCfg = Debug|iPhone
		{A8B9C8B1-8899-464B-805C-34E524F0EFE9}.Debug|ARM.ActiveCfg = Debug|iPhone
		{A8B9C8B1-8899-464B-805C-34E524F0EFE9}.Debug|iPhone.ActiveCfg = Debug|iPhone
		{A8B9C8B1-8899-464B-805C-34E524F0EFE9}.Debug|iPhone.Build.0 = Debug|iPhone
		{A8B9C8B1-8899-464B-805C-34E524F0EFE9}.Debug|iPhoneSimulator.ActiveCfg = Debug|iPhoneSimulator
		{A8B9C8B1-8899-464B-805C-34E524F0EFE9}.Debug|iPhoneSimulator.Build.0 = Debug|iPhoneSimulator
		{A8B9C8B1-8899-464B-805C-34E524F0EFE9}.Debug|x64.ActiveCfg = Debug|iPhone
		{A8B9C8B1-8899-464B-805C-34E524F0EFE9}.Debug|x86.ActiveCfg = Debug|iPhone
		{A8B9C8B1-8899-464B-805C-34E524F0EFE9}.Release|Any CPU.ActiveCfg = Release|iPhone
		{A8B9C8B1-8899-464B-805C-34E524F0EFE9}.Release|ARM.ActiveCfg = Release|iPhone
		{A8B9C8B1-8899-464B-805C-34E524F0EFE9}.Release|iPhone.ActiveCfg = Release|iPhone
		{A8B9C8B1-8899-464B-805C-34E524F0EFE9}.Release|iPhone.Build.0 = Release|iPhone
		{A8B9C8B1-8899-464B-805C-34E524F0EFE9}.Release|iPhoneSimulator.ActiveCfg = Release|iPhoneSimulator
		{A8B9C8B1-8899-464B-805C-34E524F0EFE9}.Release|iPhoneSimulator.Build.0 = Release|iPhoneSimulator
		{A8B9C8B1-8899-464B-805C-34E524F0EFE9}.Release|x64.ActiveCfg = Release|iPhone
		{A8B9C8B1-8899-464B-805C-34E524F0EFE9}.Release|x86.ActiveCfg = Release|iPhone
		{509D0E8A-4571-4712-8A70-AD78DC8DF1E4}.Debug|Any CPU.ActiveCfg = Debug|Any CPU
		{509D0E8A-4571-4712-8A70-AD78DC8DF1E4}.Debug|Any CPU.Build.0 = Debug|Any CPU
		{509D0E8A-4571-4712-8A70-AD78DC8DF1E4}.Debug|ARM.ActiveCfg = Debug|Any CPU
		{509D0E8A-4571-4712-8A70-AD78DC8DF1E4}.Debug|ARM.Build.0 = Debug|Any CPU
		{509D0E8A-4571-4712-8A70-AD78DC8DF1E4}.Debug|iPhone.ActiveCfg = Debug|Any CPU
		{509D0E8A-4571-4712-8A70-AD78DC8DF1E4}.Debug|iPhone.Build.0 = Debug|Any CPU
		{509D0E8A-4571-4712-8A70-AD78DC8DF1E4}.Debug|iPhoneSimulator.ActiveCfg = Debug|Any CPU
		{509D0E8A-4571-4712-8A70-AD78DC8DF1E4}.Debug|iPhoneSimulator.Build.0 = Debug|Any CPU
		{509D0E8A-4571-4712-8A70-AD78DC8DF1E4}.Debug|x64.ActiveCfg = Debug|Any CPU
		{509D0E8A-4571-4712-8A70-AD78DC8DF1E4}.Debug|x64.Build.0 = Debug|Any CPU
		{509D0E8A-4571-4712-8A70-AD78DC8DF1E4}.Debug|x86.ActiveCfg = Debug|Any CPU
		{509D0E8A-4571-4712-8A70-AD78DC8DF1E4}.Debug|x86.Build.0 = Debug|Any CPU
		{509D0E8A-4571-4712-8A70-AD78DC8DF1E4}.Release|Any CPU.ActiveCfg = Release|Any CPU
		{509D0E8A-4571-4712-8A70-AD78DC8DF1E4}.Release|Any CPU.Build.0 = Release|Any CPU
		{509D0E8A-4571-4712-8A70-AD78DC8DF1E4}.Release|ARM.ActiveCfg = Release|Any CPU
		{509D0E8A-4571-4712-8A70-AD78DC8DF1E4}.Release|ARM.Build.0 = Release|Any CPU
		{509D0E8A-4571-4712-8A70-AD78DC8DF1E4}.Release|iPhone.ActiveCfg = Release|Any CPU
		{509D0E8A-4571-4712-8A70-AD78DC8DF1E4}.Release|iPhone.Build.0 = Release|Any CPU
		{509D0E8A-4571-4712-8A70-AD78DC8DF1E4}.Release|iPhoneSimulator.ActiveCfg = Release|Any CPU
		{509D0E8A-4571-4712-8A70-AD78DC8DF1E4}.Release|iPhoneSimulator.Build.0 = Release|Any CPU
		{509D0E8A-4571-4712-8A70-AD78DC8DF1E4}.Release|x64.ActiveCfg = Release|Any CPU
		{509D0E8A-4571-4712-8A70-AD78DC8DF1E4}.Release|x64.Build.0 = Release|Any CPU
		{509D0E8A-4571-4712-8A70-AD78DC8DF1E4}.Release|x86.ActiveCfg = Release|Any CPU
		{509D0E8A-4571-4712-8A70-AD78DC8DF1E4}.Release|x86.Build.0 = Release|Any CPU
	EndGlobalSection
	GlobalSection(SolutionProperties) = preSolution
		HideSolutionNode = FALSE
	EndGlobalSection
	GlobalSection(ExtensibilityGlobals) = postSolution
		SolutionGuid = {7A3ABE4E-46BB-4971-9BB7-E9FF55E07393}
	EndGlobalSection
EndGlobal
